
Microsoft Visual Studio Solution File, Format Version 12.00
# Visual Studio Version 17
VisualStudioVersion = 17.4.33213.308
MinimumVisualStudioVersion = 10.0.40219.1
Project("{9A19103F-16F7-4668-BE54-9A1E7A4F7556}") = "Infocaster.Umbraco.Passwordless.Website", "test\Infocaster.Umbraco.Passwordless.Website\Infocaster.Umbraco.Passwordless.Website.csproj", "{DE203DA2-C4F0-4B4F-A3E5-F8E2D6F4DBDC}"
EndProject
Project("{2150E333-8FDC-42A3-9474-1A3956D46DE8}") = "test", "test", "{426CF7C0-8FDB-46E5-B474-A155A09A8ECA}"
EndProject
Project("{2150E333-8FDC-42A3-9474-1A3956D46DE8}") = "src", "src", "{A56DBB93-A83F-497F-87D8-EDBA78EAD6ED}"
	ProjectSection(SolutionItems) = preProject
		src\Directory.Build.props = src\Directory.Build.props
		src\Directory.Build.targets = src\Directory.Build.targets
	EndProjectSection
EndProject
Project("{9A19103F-16F7-4668-BE54-9A1E7A4F7556}") = "Infocaster.Umbraco.Passwordless", "src\Infocaster.Umbraco.Passwordless\Infocaster.Umbraco.Passwordless.csproj", "{10A560FE-4EC0-4D61-B095-6606E1A4C13C}"
EndProject
Project("{2150E333-8FDC-42A3-9474-1A3956D46DE8}") = "solution items", "solution items", "{35B7DB77-D298-4271-8FF9-FB8863AEF032}"
	ProjectSection(SolutionItems) = preProject
		.editorconfig = .editorconfig
		azure-pipelines.yml = azure-pipelines.yml
		GitVersion.yml = GitVersion.yml
		LICENSE = LICENSE
		nuget.config = nuget.config
		README-NUGET.md = README-NUGET.md
		README.md = README.md
		readme.txt = readme.txt
		umbraco-marketplace.json = umbraco-marketplace.json
	EndProjectSection
EndProject
Global
	GlobalSection(SolutionConfigurationPlatforms) = preSolution
		Debug|Any CPU = Debug|Any CPU
		Release|Any CPU = Release|Any CPU
	EndGlobalSection
	GlobalSection(ProjectConfigurationPlatforms) = postSolution
		{DE203DA2-C4F0-4B4F-A3E5-F8E2D6F4DBDC}.Debug|Any CPU.ActiveCfg = Debug|Any CPU
		{DE203DA2-C4F0-4B4F-A3E5-F8E2D6F4DBDC}.Debug|Any CPU.Build.0 = Debug|Any CPU
		{DE203DA2-C4F0-4B4F-A3E5-F8E2D6F4DBDC}.Release|Any CPU.ActiveCfg = Release|Any CPU
		{DE203DA2-C4F0-4B4F-A3E5-F8E2D6F4DBDC}.Release|Any CPU.Build.0 = Release|Any CPU
		{10A560FE-4EC0-4D61-B095-6606E1A4C13C}.Debug|Any CPU.ActiveCfg = Debug|Any CPU
		{10A560FE-4EC0-4D61-B095-6606E1A4C13C}.Debug|Any CPU.Build.0 = Debug|Any CPU
		{10A560FE-4EC0-4D61-B095-6606E1A4C13C}.Release|Any CPU.ActiveCfg = Release|Any CPU
		{10A560FE-4EC0-4D61-B095-6606E1A4C13C}.Release|Any CPU.Build.0 = Release|Any CPU
	EndGlobalSection
	GlobalSection(SolutionProperties) = preSolution
		HideSolutionNode = FALSE
	EndGlobalSection
	GlobalSection(NestedProjects) = preSolution
		{DE203DA2-C4F0-4B4F-A3E5-F8E2D6F4DBDC} = {426CF7C0-8FDB-46E5-B474-A155A09A8ECA}
		{10A560FE-4EC0-4D61-B095-6606E1A4C13C} = {A56DBB93-A83F-497F-87D8-EDBA78EAD6ED}
	EndGlobalSection
	GlobalSection(ExtensibilityGlobals) = postSolution
		SolutionGuid = {6E3CAD19-6BC5-4213-862C-736533FFAC28}
	EndGlobalSection
EndGlobal
